PODS:
  - Nimble (7.0.1)
  - Quick (1.1.0)
  - ReSwift (4.0.0)
  - RxCocoa (4.0.0-alpha.1):
    - RxSwift (~> 4.0.0-alpha.1)
  - RxDataSources (2.0.0-alpha.1):
    - RxCocoa (~> 4.0.0-alpha.1)
    - RxSwift (~> 4.0.0-alpha.1)
  - RxSwift (4.0.0-alpha.1)

DEPENDENCIES:
  - Nimble (from `https://github.com/Quick/Nimble`)
  - Quick (from `https://github.com/Quick/Quick`)
  - ReSwift (~> 4.0)
  - RxCocoa (from `https://github.com/svdo/RxSwift`, branch `swift4.0`)
  - RxDataSources (from `https://github.com/svdo/RxDataSources`, branch `swift4.0`)
  - RxSwift (from `https://github.com/ReactiveX/RxSwift`, branch `swift4.0`)

EXTERNAL SOURCES:
  Nimble:
    :git: https://github.com/Quick/Nimble
  Quick:
    :git: https://github.com/Quick/Quick
  RxCocoa:
    :branch: swift4.0
    :git: https://github.com/svdo/RxSwift
  RxDataSources:
    :branch: swift4.0
    :git: https://github.com/svdo/RxDataSources
  RxSwift:
    :branch: swift4.0
    :git: https://github.com/ReactiveX/RxSwift

CHECKOUT OPTIONS:
  Nimble:
    :commit: a63252b16eba6cdebec4e4936388c90552165a68
    :git: https://github.com/Quick/Nimble
  Quick:
    :commit: 3665ae9570b682a562df847cccbb46811864676a
    :git: https://github.com/Quick/Quick
  RxCocoa:
    :commit: 0e1ac049c131de9862e58747950ee483a456f39d
    :git: https://github.com/svdo/RxSwift
  RxDataSources:
    :commit: 3b6621c74e5bf1c028460d4d8a7316e52f2c2ffd
    :git: https://github.com/svdo/RxDataSources
  RxSwift:
    :commit: c79b00f66e6c976c52ddc6654e3f0a3b6fa3b260
    :git: https://github.com/ReactiveX/RxSwift

SPEC CHECKSUMS:
  Nimble: 1b6670c36e5750169b9e4cc2e9cfa82a7603c69e
  Quick: 4700beb8056662b579facd79eaca7f04fb3d48e6
  ReSwift: f058ef13b46ae5f463f10605ccbbb7fb04424d8d
  RxCocoa: 2eb5f5d79668c61de6c32b636c2a1101a0ba3ca9
  RxDataSources: c0c77c16d59558b0f60e65da056096badbaf7306
  RxSwift: d313a43a0109708ada75e1ce99bf7c36d4180ad8

PODFILE CHECKSUM: 9e56c9eaf8c49e3768c69d1e8bcfae90f0c742d8

COCOAPODS: 1.3.1
