// !$*UTF8*$!
{
	archiveVersion = 1;
	classes = {
	};
	objectVersion = 48;
	objects = {

/* Begin PBXBuildFile section */
		8CE61E2CA9A03741AE11C885 /* Pods_ReRx_Example.framework in Frameworks */ = {isa = PBXBuildFile; fileRef = B406BD7CC6363C94C77030AF /* Pods_ReRx_Example.framework */; };
		93454CE692E26117ADE458FB /* Pods_ReRxSwiftTests.framework in Frameworks */ = {isa = PBXBuildFile; fileRef = 2DF6501DBB5F70BA3EE931FF /* Pods_ReRxSwiftTests.framework */; };
		A632E4647AB270025D5EE7C4 /* Pods_ReRx_Example_ExampleTests.framework in Frameworks */ = {isa = PBXBuildFile; fileRef = 6827E1989393E9169F1DAB12 /* Pods_ReRx_Example_ExampleTests.framework */; };
		B62FDE5561DF6F51EE508CA3 /* Pods_ReRx_ReRxSwift.framework in Frameworks */ = {isa = PBXBuildFile; fileRef = CB00B8986D5BD98272156CD3 /* Pods_ReRx_ReRxSwift.framework */; };
		F8081AB71F44940B00855A4F /* ReRxSwift.framework in Frameworks */ = {isa = PBXBuildFile; fileRef = F8081AAD1F44940B00855A4F /* ReRxSwift.framework */; };
		F8081ABE1F44940B00855A4F /* ReRxSwift.h in Headers */ = {isa = PBXBuildFile; fileRef = F8081AB01F44940B00855A4F /* ReRxSwift.h */; settings = {ATTRIBUTES = (Public, ); }; };
		F8081ACB1F44DBE400855A4F /* ConnectionSpec.swift in Sources */ = {isa = PBXBuildFile; fileRef = F8081ACA1F44DBE400855A4F /* ConnectionSpec.swift */; };
		F8081ACD1F44DDEA00855A4F /* Connection.swift in Sources */ = {isa = PBXBuildFile; fileRef = F8081ACC1F44DDEA00855A4F /* Connection.swift */; };
		F80823541F4A1C1900CCADC1 /* TestState.swift in Sources */ = {isa = PBXBuildFile; fileRef = F80823531F4A1C1900CCADC1 /* TestState.swift */; };
		F80823561F4A1C3300CCADC1 /* TestActions.swift in Sources */ = {isa = PBXBuildFile; fileRef = F80823551F4A1C3300CCADC1 /* TestActions.swift */; };
		F80823581F4A1C7D00CCADC1 /* TestSectionModel.swift in Sources */ = {isa = PBXBuildFile; fileRef = F80823571F4A1C7D00CCADC1 /* TestSectionModel.swift */; };
		F808235A1F4A1CF500CCADC1 /* ConnectableSpec.swift in Sources */ = {isa = PBXBuildFile; fileRef = F80823591F4A1CF500CCADC1 /* ConnectableSpec.swift */; };
		F808235C1F4A1DEE00CCADC1 /* Connectable.swift in Sources */ = {isa = PBXBuildFile; fileRef = F808235B1F4A1DEE00CCADC1 /* Connectable.swift */; };
		F808237C1F4A250B00CCADC1 /* AppDelegate.swift in Sources */ = {isa = PBXBuildFile; fileRef = F808237B1F4A250B00CCADC1 /* AppDelegate.swift */; };
		F808237E1F4A250B00CCADC1 /* SimpleTextFieldViewController.swift in Sources */ = {isa = PBXBuildFile; fileRef = F808237D1F4A250B00CCADC1 /* SimpleTextFieldViewController.swift */; };
		F80823811F4A250B00CCADC1 /* Main.storyboard in Resources */ = {isa = PBXBuildFile; fileRef = F808237F1F4A250B00CCADC1 /* Main.storyboard */; };
		F80823831F4A250C00CCADC1 /* Assets.xcassets in Resources */ = {isa = PBXBuildFile; fileRef = F80823821F4A250C00CCADC1 /* Assets.xcassets */; };
		F80823861F4A250C00CCADC1 /* LaunchScreen.storyboard in Resources */ = {isa = PBXBuildFile; fileRef = F80823841F4A250C00CCADC1 /* LaunchScreen.storyboard */; };
		F83957371F4EBE8E00D33189 /* SteppingUpViewController.swift in Sources */ = {isa = PBXBuildFile; fileRef = F83957361F4EBE8E00D33189 /* SteppingUpViewController.swift */; };
		F83957391F4EC5D500D33189 /* SteppingUpState.swift in Sources */ = {isa = PBXBuildFile; fileRef = F83957381F4EC5D500D33189 /* SteppingUpState.swift */; };
		F839573B1F4EC74B00D33189 /* SteppingUpReducer.swift in Sources */ = {isa = PBXBuildFile; fileRef = F839573A1F4EC74B00D33189 /* SteppingUpReducer.swift */; };
		F839573D1F4EC7DF00D33189 /* SteppingUpActions.swift in Sources */ = {isa = PBXBuildFile; fileRef = F839573C1F4EC7DF00D33189 /* SteppingUpActions.swift */; };
		F839573F1F4ECAEF00D33189 /* SteppingUpReducerSpec.swift in Sources */ = {isa = PBXBuildFile; fileRef = F839573E1F4ECAEF00D33189 /* SteppingUpReducerSpec.swift */; };
		F83957411F4ED10E00D33189 /* SteppingUpViewControllerSpec.swift in Sources */ = {isa = PBXBuildFile; fileRef = F83957401F4ED10E00D33189 /* SteppingUpViewControllerSpec.swift */; };
		F83E18D222D30E1C00FCDA9D /* TestReducer.swift in Sources */ = {isa = PBXBuildFile; fileRef = F83E18D122D30E1C00FCDA9D /* TestReducer.swift */; };
		F83E18D422D30E2800FCDA9D /* TestActions.swift in Sources */ = {isa = PBXBuildFile; fileRef = F83E18D322D30E2800FCDA9D /* TestActions.swift */; };
		F858661C1F655F9F00CEF54E /* TableViewController.swift in Sources */ = {isa = PBXBuildFile; fileRef = F858661B1F655F9F00CEF54E /* TableViewController.swift */; };
		F858661E1F655FDF00CEF54E /* TableViewControllerSpec.swift in Sources */ = {isa = PBXBuildFile; fileRef = F858661D1F655FDF00CEF54E /* TableViewControllerSpec.swift */; };
		F88D86C01F4CC9A6006F6038 /* SimpleTextFieldReducerSpec.swift in Sources */ = {isa = PBXBuildFile; fileRef = F88D86BF1F4CC9A6006F6038 /* SimpleTextFieldReducerSpec.swift */; };
		F88D86C21F4CCDD4006F6038 /* SimpleTextFieldViewControllerSpec.swift in Sources */ = {isa = PBXBuildFile; fileRef = F88D86C11F4CCDD4006F6038 /* SimpleTextFieldViewControllerSpec.swift */; };
		F89680C31F4CB4FF002C2452 /* Store.swift in Sources */ = {isa = PBXBuildFile; fileRef = F89680C21F4CB4FF002C2452 /* Store.swift */; };
		F89680C51F4CB50A002C2452 /* Reducer.swift in Sources */ = {isa = PBXBuildFile; fileRef = F89680C41F4CB50A002C2452 /* Reducer.swift */; };
		F89680C71F4CB689002C2452 /* AppState.swift in Sources */ = {isa = PBXBuildFile; fileRef = F89680C61F4CB689002C2452 /* AppState.swift */; };
		F89680C91F4CB8C5002C2452 /* SimpleTextFieldState.swift in Sources */ = {isa = PBXBuildFile; fileRef = F89680C81F4CB8C5002C2452 /* SimpleTextFieldState.swift */; };
		F89680CA1F4CBF45002C2452 /* ReRxSwift.framework in Frameworks */ = {isa = PBXBuildFile; fileRef = F8081AAD1F44940B00855A4F /* ReRxSwift.framework */; };
		F89680CB1F4CBF45002C2452 /* ReRxSwift.framework in Embed Frameworks */ = {isa = PBXBuildFile; fileRef = F8081AAD1F44940B00855A4F /* ReRxSwift.framework */; settings = {ATTRIBUTES = (CodeSignOnCopy, RemoveHeadersOnCopy, ); }; };
		F89782131F4EB72000D82ABF /* StoreLogger.swift in Sources */ = {isa = PBXBuildFile; fileRef = F89782121F4EB72000D82ABF /* StoreLogger.swift */; };
		F89782151F4EB76000D82ABF /* ActionLogger.swift in Sources */ = {isa = PBXBuildFile; fileRef = F89782141F4EB76000D82ABF /* ActionLogger.swift */; };
		F8BD3C6A1F6B13FB00F79E0C /* TableAndCollectionReducerSpec.swift in Sources */ = {isa = PBXBuildFile; fileRef = F8BD3C691F6B13FB00F79E0C /* TableAndCollectionReducerSpec.swift */; };
		F8BD3C6C1F6B150300F79E0C /* TableAndCollectionActions.swift in Sources */ = {isa = PBXBuildFile; fileRef = F8BD3C6B1F6B150300F79E0C /* TableAndCollectionActions.swift */; };
		F8BD3C6F1F6C4A3500F79E0C /* CollectionViewController.swift in Sources */ = {isa = PBXBuildFile; fileRef = F8BD3C6E1F6C4A3500F79E0C /* CollectionViewController.swift */; };
		F8BD52A31F4CADDC00B7E471 /* SimpleTextFieldReducer.swift in Sources */ = {isa = PBXBuildFile; fileRef = F8BD52A21F4CADDC00B7E471 /* SimpleTextFieldReducer.swift */; };
		F8BD52A51F4CADF800B7E471 /* SimpleTextFieldActions.swift in Sources */ = {isa = PBXBuildFile; fileRef = F8BD52A41F4CADF800B7E471 /* SimpleTextFieldActions.swift */; };
		F8C746411F6579F800DE9A40 /* TableAndCollectionState.swift in Sources */ = {isa = PBXBuildFile; fileRef = F8C746401F6579F800DE9A40 /* TableAndCollectionState.swift */; };
		F8C746431F657CDF00DE9A40 /* TableAndCollectionReducer.swift in Sources */ = {isa = PBXBuildFile; fileRef = F8C746421F657CDF00DE9A40 /* TableAndCollectionReducer.swift */; };
		F8C746451F65801900DE9A40 /* TestUtils.swift in Sources */ = {isa = PBXBuildFile; fileRef = F8C746441F65801900DE9A40 /* TestUtils.swift */; };
/* End PBXBuildFile section */

/* Begin PBXContainerItemProxy section */
		F8081AB81F44940B00855A4F /* PBXContainerItemProxy */ = {
			isa = PBXContainerItemProxy;
			containerPortal = F8081AA41F44940B00855A4F /* Project object */;
			proxyType = 1;
			remoteGlobalIDString = F8081AAC1F44940B00855A4F;
			remoteInfo = ReRxSwift;
		};
		F88D86B91F4CC934006F6038 /* PBXContainerItemProxy */ = {
			isa = PBXContainerItemProxy;
			containerPortal = F8081AA41F44940B00855A4F /* Project object */;
			proxyType = 1;
			remoteGlobalIDString = F80823781F4A250B00CCADC1;
			remoteInfo = Example;
		};
		F89680CC1F4CBF45002C2452 /* PBXContainerItemProxy */ = {
			isa = PBXContainerItemProxy;
			containerPortal = F8081AA41F44940B00855A4F /* Project object */;
			proxyType = 1;
			remoteGlobalIDString = F8081AAC1F44940B00855A4F;
			remoteInfo = ReRxSwift;
		};
/* End PBXContainerItemProxy section */

/* Begin PBXCopyFilesBuildPhase section */
		F89680CE1F4CBF45002C2452 /* Embed Frameworks */ = {
			isa = PBXCopyFilesBuildPhase;
			buildActionMask = 2147483647;
			dstPath = "";
			dstSubfolderSpec = 10;
			files = (
				F89680CB1F4CBF45002C2452 /* ReRxSwift.framework in Embed Frameworks */,
			);
			name = "Embed Frameworks";
			runOnlyForDeploymentPostprocessing = 0;
		};
/* End PBXCopyFilesBuildPhase section */

/* Begin PBXFileReference section */
		2DF6501DBB5F70BA3EE931FF /* Pods_ReRxSwiftTests.framework */ = {isa = PBXFileReference; explicitFileType = wrapper.framework; includeInIndex = 0; path = Pods_ReRxSwiftTests.framework; sourceTree = BUILT_PRODUCTS_DIR; };
		43705FA5DBB38CAEED5152A3 /* Pods-ReRx-ReRxSwift.debug.xcconfig */ = {isa = PBXFileReference; includeInIndex = 1; lastKnownFileType = text.xcconfig; name = "Pods-ReRx-ReRxSwift.debug.xcconfig"; path = "Pods/Target Support Files/Pods-ReRx-ReRxSwift/Pods-ReRx-ReRxSwift.debug.xcconfig"; sourceTree = "<group>"; };
		6827E1989393E9169F1DAB12 /* Pods_ReRx_Example_ExampleTests.framework */ = {isa = PBXFileReference; explicitFileType = wrapper.framework; includeInIndex = 0; path = Pods_ReRx_Example_ExampleTests.framework; sourceTree = BUILT_PRODUCTS_DIR; };
		6E5962673CE54795930775B4 /* Pods-ReRx-Example-ExampleTests.debug.xcconfig */ = {isa = PBXFileReference; includeInIndex = 1; lastKnownFileType = text.xcconfig; name = "Pods-ReRx-Example-ExampleTests.debug.xcconfig"; path = "Pods/Target Support Files/Pods-ReRx-Example-ExampleTests/Pods-ReRx-Example-ExampleTests.debug.xcconfig"; sourceTree = "<group>"; };
		737045CCA5309A4336C75098 /* Pods-ReRx-Example.debug.xcconfig */ = {isa = PBXFileReference; includeInIndex = 1; lastKnownFileType = text.xcconfig; name = "Pods-ReRx-Example.debug.xcconfig"; path = "Pods/Target Support Files/Pods-ReRx-Example/Pods-ReRx-Example.debug.xcconfig"; sourceTree = "<group>"; };
		7E12B282A1B21C8AD1C79861 /* Pods-ReRx-ReRxSwift.release.xcconfig */ = {isa = PBXFileReference; includeInIndex = 1; lastKnownFileType = text.xcconfig; name = "Pods-ReRx-ReRxSwift.release.xcconfig"; path = "Pods/Target Support Files/Pods-ReRx-ReRxSwift/Pods-ReRx-ReRxSwift.release.xcconfig"; sourceTree = "<group>"; };
		B406BD7CC6363C94C77030AF /* Pods_ReRx_Example.framework */ = {isa = PBXFileReference; explicitFileType = wrapper.framework; includeInIndex = 0; path = Pods_ReRx_Example.framework; sourceTree = BUILT_PRODUCTS_DIR; };
		B8CC515189A5E49CB804535F /* Pods-ReRxSwiftTests.release.xcconfig */ = {isa = PBXFileReference; includeInIndex = 1; lastKnownFileType = text.xcconfig; name = "Pods-ReRxSwiftTests.release.xcconfig"; path = "Pods/Target Support Files/Pods-ReRxSwiftTests/Pods-ReRxSwiftTests.release.xcconfig"; sourceTree = "<group>"; };
		CB00B8986D5BD98272156CD3 /* Pods_ReRx_ReRxSwift.framework */ = {isa = PBXFileReference; explicitFileType = wrapper.framework; includeInIndex = 0; path = Pods_ReRx_ReRxSwift.framework; sourceTree = BUILT_PRODUCTS_DIR; };
		D1304154D109E7F44F82F679 /* Pods-ReRxSwiftTests.debug.xcconfig */ = {isa = PBXFileReference; includeInIndex = 1; lastKnownFileType = text.xcconfig; name = "Pods-ReRxSwiftTests.debug.xcconfig"; path = "Pods/Target Support Files/Pods-ReRxSwiftTests/Pods-ReRxSwiftTests.debug.xcconfig"; sourceTree = "<group>"; };
		E989CA0A7D5F91783FAC94E0 /* Pods-ReRx-Example.release.xcconfig */ = {isa = PBXFileReference; includeInIndex = 1; lastKnownFileType = text.xcconfig; name = "Pods-ReRx-Example.release.xcconfig"; path = "Pods/Target Support Files/Pods-ReRx-Example/Pods-ReRx-Example.release.xcconfig"; sourceTree = "<group>"; };
		F8081AAD1F44940B00855A4F /* ReRxSwift.framework */ = {isa = PBXFileReference; explicitFileType = wrapper.framework; includeInIndex = 0; path = ReRxSwift.framework; sourceTree = BUILT_PRODUCTS_DIR; };
		F8081AB01F44940B00855A4F /* ReRxSwift.h */ = {isa = PBXFileReference; lastKnownFileType = sourcecode.c.h; path = ReRxSwift.h; sourceTree = "<group>"; };
		F8081AB11F44940B00855A4F /* Info.plist */ = {isa = PBXFileReference; lastKnownFileType = text.plist.xml; path = Info.plist; sourceTree = "<group>"; };
		F8081AB61F44940B00855A4F /* ReRxSwiftTests.xctest */ = {isa = PBXFileReference; explicitFileType = wrapper.cfbundle; includeInIndex = 0; path = ReRxSwiftTests.xctest; sourceTree = BUILT_PRODUCTS_DIR; };
		F8081ABD1F44940B00855A4F /* Info.plist */ = {isa = PBXFileReference; lastKnownFileType = text.plist.xml; path = Info.plist; sourceTree = "<group>"; };
		F8081ACA1F44DBE400855A4F /* ConnectionSpec.swift */ = {isa = PBXFileReference; lastKnownFileType = sourcecode.swift; path = ConnectionSpec.swift; sourceTree = "<group>"; };
		F8081ACC1F44DDEA00855A4F /* Connection.swift */ = {isa = PBXFileReference; lastKnownFileType = sourcecode.swift; path = Connection.swift; sourceTree = "<group>"; };
		F80823531F4A1C1900CCADC1 /* TestState.swift */ = {isa = PBXFileReference; lastKnownFileType = sourcecode.swift; path = TestState.swift; sourceTree = "<group>"; };
		F80823551F4A1C3300CCADC1 /* TestActions.swift */ = {isa = PBXFileReference; lastKnownFileType = sourcecode.swift; path = TestActions.swift; sourceTree = "<group>"; };
		F80823571F4A1C7D00CCADC1 /* TestSectionModel.swift */ = {isa = PBXFileReference; lastKnownFileType = sourcecode.swift; path = TestSectionModel.swift; sourceTree = "<group>"; };
		F80823591F4A1CF500CCADC1 /* ConnectableSpec.swift */ = {isa = PBXFileReference; lastKnownFileType = sourcecode.swift; path = ConnectableSpec.swift; sourceTree = "<group>"; };
		F808235B1F4A1DEE00CCADC1 /* Connectable.swift */ = {isa = PBXFileReference; lastKnownFileType = sourcecode.swift; path = Connectable.swift; sourceTree = "<group>"; };
		F80823791F4A250B00CCADC1 /* Example.app */ = {isa = PBXFileReference; explicitFileType = wrapper.application; includeInIndex = 0; path = Example.app; sourceTree = BUILT_PRODUCTS_DIR; };
		F808237B1F4A250B00CCADC1 /* AppDelegate.swift */ = {isa = PBXFileReference; lastKnownFileType = sourcecode.swift; path = AppDelegate.swift; sourceTree = "<group>"; };
		F808237D1F4A250B00CCADC1 /* SimpleTextFieldViewController.swift */ = {isa = PBXFileReference; lastKnownFileType = sourcecode.swift; path = SimpleTextFieldViewController.swift; sourceTree = "<group>"; };
		F80823801F4A250B00CCADC1 /* Base */ = {isa = PBXFileReference; lastKnownFileType = file.storyboard; name = Base; path = Base.lproj/Main.storyboard; sourceTree = "<group>"; };
		F80823821F4A250C00CCADC1 /* Assets.xcassets */ = {isa = PBXFileReference; lastKnownFileType = folder.assetcatalog; path = Assets.xcassets; sourceTree = "<group>"; };
		F80823851F4A250C00CCADC1 /* Base */ = {isa = PBXFileReference; lastKnownFileType = file.storyboard; name = Base; path = Base.lproj/LaunchScreen.storyboard; sourceTree = "<group>"; };
		F80823871F4A250C00CCADC1 /* Info.plist */ = {isa = PBXFileReference; lastKnownFileType = text.plist.xml; path = Info.plist; sourceTree = "<group>"; };
		F83957361F4EBE8E00D33189 /* SteppingUpViewController.swift */ = {isa = PBXFileReference; lastKnownFileType = sourcecode.swift; path = SteppingUpViewController.swift; sourceTree = "<group>"; };
		F83957381F4EC5D500D33189 /* SteppingUpState.swift */ = {isa = PBXFileReference; lastKnownFileType = sourcecode.swift; path = SteppingUpState.swift; sourceTree = "<group>"; };
		F839573A1F4EC74B00D33189 /* SteppingUpReducer.swift */ = {isa = PBXFileReference; lastKnownFileType = sourcecode.swift; path = SteppingUpReducer.swift; sourceTree = "<group>"; };
		F839573C1F4EC7DF00D33189 /* SteppingUpActions.swift */ = {isa = PBXFileReference; lastKnownFileType = sourcecode.swift; path = SteppingUpActions.swift; sourceTree = "<group>"; };
		F839573E1F4ECAEF00D33189 /* SteppingUpReducerSpec.swift */ = {isa = PBXFileReference; lastKnownFileType = sourcecode.swift; path = SteppingUpReducerSpec.swift; sourceTree = "<group>"; };
		F83957401F4ED10E00D33189 /* SteppingUpViewControllerSpec.swift */ = {isa = PBXFileReference; lastKnownFileType = sourcecode.swift; path = SteppingUpViewControllerSpec.swift; sourceTree = "<group>"; };
		F83E18D122D30E1C00FCDA9D /* TestReducer.swift */ = {isa = PBXFileReference; lastKnownFileType = sourcecode.swift; path = TestReducer.swift; sourceTree = "<group>"; };
		F83E18D322D30E2800FCDA9D /* TestActions.swift */ = {isa = PBXFileReference; lastKnownFileType = sourcecode.swift; path = TestActions.swift; sourceTree = "<group>"; };
		F858661B1F655F9F00CEF54E /* TableViewController.swift */ = {isa = PBXFileReference; lastKnownFileType = sourcecode.swift; path = TableViewController.swift; sourceTree = "<group>"; };
		F858661D1F655FDF00CEF54E /* TableViewControllerSpec.swift */ = {isa = PBXFileReference; lastKnownFileType = sourcecode.swift; path = TableViewControllerSpec.swift; sourceTree = "<group>"; };
		F88D86B41F4CC934006F6038 /* ExampleTests.xctest */ = {isa = PBXFileReference; explicitFileType = wrapper.cfbundle; includeInIndex = 0; path = ExampleTests.xctest; sourceTree = BUILT_PRODUCTS_DIR; };
		F88D86B81F4CC934006F6038 /* Info.plist */ = {isa = PBXFileReference; lastKnownFileType = text.plist.xml; path = Info.plist; sourceTree = "<group>"; };
		F88D86BF1F4CC9A6006F6038 /* SimpleTextFieldReducerSpec.swift */ = {isa = PBXFileReference; lastKnownFileType = sourcecode.swift; path = SimpleTextFieldReducerSpec.swift; sourceTree = "<group>"; };
		F88D86C11F4CCDD4006F6038 /* SimpleTextFieldViewControllerSpec.swift */ = {isa = PBXFileReference; lastKnownFileType = sourcecode.swift; path = SimpleTextFieldViewControllerSpec.swift; sourceTree = "<group>"; };
		F89680C21F4CB4FF002C2452 /* Store.swift */ = {isa = PBXFileReference; lastKnownFileType = sourcecode.swift; path = Store.swift; sourceTree = "<group>"; };
		F89680C41F4CB50A002C2452 /* Reducer.swift */ = {isa = PBXFileReference; lastKnownFileType = sourcecode.swift; path = Reducer.swift; sourceTree = "<group>"; };
		F89680C61F4CB689002C2452 /* AppState.swift */ = {isa = PBXFileReference; lastKnownFileType = sourcecode.swift; path = AppState.swift; sourceTree = "<group>"; };
		F89680C81F4CB8C5002C2452 /* SimpleTextFieldState.swift */ = {isa = PBXFileReference; lastKnownFileType = sourcecode.swift; path = SimpleTextFieldState.swift; sourceTree = "<group>"; };
		F89782121F4EB72000D82ABF /* StoreLogger.swift */ = {isa = PBXFileReference; lastKnownFileType = sourcecode.swift; path = StoreLogger.swift; sourceTree = "<group>"; };
		F89782141F4EB76000D82ABF /* ActionLogger.swift */ = {isa = PBXFileReference; lastKnownFileType = sourcecode.swift; path = ActionLogger.swift; sourceTree = "<group>"; };
		F89782161F4EB83300D82ABF /* README.md */ = {isa = PBXFileReference; lastKnownFileType = net.daringfireball.markdown; path = README.md; sourceTree = "<group>"; };
		F8BD3C691F6B13FB00F79E0C /* TableAndCollectionReducerSpec.swift */ = {isa = PBXFileReference; lastKnownFileType = sourcecode.swift; path = TableAndCollectionReducerSpec.swift; sourceTree = "<group>"; };
		F8BD3C6B1F6B150300F79E0C /* TableAndCollectionActions.swift */ = {isa = PBXFileReference; lastKnownFileType = sourcecode.swift; path = TableAndCollectionActions.swift; sourceTree = "<group>"; };
		F8BD3C6E1F6C4A3500F79E0C /* CollectionViewController.swift */ = {isa = PBXFileReference; lastKnownFileType = sourcecode.swift; path = CollectionViewController.swift; sourceTree = "<group>"; };
		F8BD52A21F4CADDC00B7E471 /* SimpleTextFieldReducer.swift */ = {isa = PBXFileReference; lastKnownFileType = sourcecode.swift; path = SimpleTextFieldReducer.swift; sourceTree = "<group>"; };
		F8BD52A41F4CADF800B7E471 /* SimpleTextFieldActions.swift */ = {isa = PBXFileReference; lastKnownFileType = sourcecode.swift; path = SimpleTextFieldActions.swift; sourceTree = "<group>"; };
		F8C746401F6579F800DE9A40 /* TableAndCollectionState.swift */ = {isa = PBXFileReference; lastKnownFileType = sourcecode.swift; path = TableAndCollectionState.swift; sourceTree = "<group>"; };
		F8C746421F657CDF00DE9A40 /* TableAndCollectionReducer.swift */ = {isa = PBXFileReference; lastKnownFileType = sourcecode.swift; path = TableAndCollectionReducer.swift; sourceTree = "<group>"; };
		F8C746441F65801900DE9A40 /* TestUtils.swift */ = {isa = PBXFileReference; lastKnownFileType = sourcecode.swift; path = TestUtils.swift; sourceTree = "<group>"; };
		FC0CAEDC536BFB178AEF62FE /* Pods-ReRx-Example-ExampleTests.release.xcconfig */ = {isa = PBXFileReference; includeInIndex = 1; lastKnownFileType = text.xcconfig; name = "Pods-ReRx-Example-ExampleTests.release.xcconfig"; path = "Pods/Target Support Files/Pods-ReRx-Example-ExampleTests/Pods-ReRx-Example-ExampleTests.release.xcconfig"; sourceTree = "<group>"; };
/* End PBXFileReference section */

/* Begin PBXFrameworksBuildPhase section */
		F8081AA91F44940B00855A4F /* Frameworks */ = {
			isa = PBXFrameworksBuildPhase;
			buildActionMask = 2147483647;
			files = (
				B62FDE5561DF6F51EE508CA3 /* Pods_ReRx_ReRxSwift.framework in Frameworks */,
			);
			runOnlyForDeploymentPostprocessing = 0;
		};
		F8081AB31F44940B00855A4F /* Frameworks */ = {
			isa = PBXFrameworksBuildPhase;
			buildActionMask = 2147483647;
			files = (
				F8081AB71F44940B00855A4F /* ReRxSwift.framework in Frameworks */,
				93454CE692E26117ADE458FB /* Pods_ReRxSwiftTests.framework in Frameworks */,
			);
			runOnlyForDeploymentPostprocessing = 0;
		};
		F80823761F4A250B00CCADC1 /* Frameworks */ = {
			isa = PBXFrameworksBuildPhase;
			buildActionMask = 2147483647;
			files = (
				F89680CA1F4CBF45002C2452 /* ReRxSwift.framework in Frameworks */,
				8CE61E2CA9A03741AE11C885 /* Pods_ReRx_Example.framework in Frameworks */,
			);
			runOnlyForDeploymentPostprocessing = 0;
		};
		F88D86B11F4CC934006F6038 /* Frameworks */ = {
			isa = PBXFrameworksBuildPhase;
			buildActionMask = 2147483647;
			files = (
				A632E4647AB270025D5EE7C4 /* Pods_ReRx_Example_ExampleTests.framework in Frameworks */,
			);
			runOnlyForDeploymentPostprocessing = 0;
		};
/* End PBXFrameworksBuildPhase section */

/* Begin PBXGroup section */
		46559DD65459CC7A94C92E24 /* Frameworks */ = {
			isa = PBXGroup;
			children = (
				B406BD7CC6363C94C77030AF /* Pods_ReRx_Example.framework */,
				6827E1989393E9169F1DAB12 /* Pods_ReRx_Example_ExampleTests.framework */,
				CB00B8986D5BD98272156CD3 /* Pods_ReRx_ReRxSwift.framework */,
				2DF6501DBB5F70BA3EE931FF /* Pods_ReRxSwiftTests.framework */,
			);
			name = Frameworks;
			sourceTree = "<group>";
		};
		ACA6DEDCB195105B3E8D1AF3 /* Pods */ = {
			isa = PBXGroup;
			children = (
				737045CCA5309A4336C75098 /* Pods-ReRx-Example.debug.xcconfig */,
				E989CA0A7D5F91783FAC94E0 /* Pods-ReRx-Example.release.xcconfig */,
				6E5962673CE54795930775B4 /* Pods-ReRx-Example-ExampleTests.debug.xcconfig */,
				FC0CAEDC536BFB178AEF62FE /* Pods-ReRx-Example-ExampleTests.release.xcconfig */,
				43705FA5DBB38CAEED5152A3 /* Pods-ReRx-ReRxSwift.debug.xcconfig */,
				7E12B282A1B21C8AD1C79861 /* Pods-ReRx-ReRxSwift.release.xcconfig */,
				D1304154D109E7F44F82F679 /* Pods-ReRxSwiftTests.debug.xcconfig */,
				B8CC515189A5E49CB804535F /* Pods-ReRxSwiftTests.release.xcconfig */,
			);
			name = Pods;
			sourceTree = "<group>";
		};
		F8081AA31F44940B00855A4F = {
			isa = PBXGroup;
			children = (
				F89782161F4EB83300D82ABF /* README.md */,
				F8081AAF1F44940B00855A4F /* ReRxSwift */,
				F8081ABA1F44940B00855A4F /* ReRxSwiftTests */,
				F808237A1F4A250B00CCADC1 /* Example */,
				F88D86B51F4CC934006F6038 /* ExampleTests */,
				F8081AAE1F44940B00855A4F /* Products */,
				ACA6DEDCB195105B3E8D1AF3 /* Pods */,
				46559DD65459CC7A94C92E24 /* Frameworks */,
			);
			sourceTree = "<group>";
		};
		F8081AAE1F44940B00855A4F /* Products */ = {
			isa = PBXGroup;
			children = (
				F8081AAD1F44940B00855A4F /* ReRxSwift.framework */,
				F8081AB61F44940B00855A4F /* ReRxSwiftTests.xctest */,
				F80823791F4A250B00CCADC1 /* Example.app */,
				F88D86B41F4CC934006F6038 /* ExampleTests.xctest */,
			);
			name = Products;
			sourceTree = "<group>";
		};
		F8081AAF1F44940B00855A4F /* ReRxSwift */ = {
			isa = PBXGroup;
			children = (
				F8081AB01F44940B00855A4F /* ReRxSwift.h */,
				F8081AB11F44940B00855A4F /* Info.plist */,
				F8081ACC1F44DDEA00855A4F /* Connection.swift */,
				F808235B1F4A1DEE00CCADC1 /* Connectable.swift */,
			);
			path = ReRxSwift;
			sourceTree = "<group>";
		};
		F8081ABA1F44940B00855A4F /* ReRxSwiftTests */ = {
			isa = PBXGroup;
			children = (
				F8081ABD1F44940B00855A4F /* Info.plist */,
				F8081ACA1F44DBE400855A4F /* ConnectionSpec.swift */,
				F80823591F4A1CF500CCADC1 /* ConnectableSpec.swift */,
				F80823531F4A1C1900CCADC1 /* TestState.swift */,
				F80823551F4A1C3300CCADC1 /* TestActions.swift */,
				F80823571F4A1C7D00CCADC1 /* TestSectionModel.swift */,
			);
			path = ReRxSwiftTests;
			sourceTree = "<group>";
		};
		F808237A1F4A250B00CCADC1 /* Example */ = {
			isa = PBXGroup;
			children = (
				F8BD52A11F4CAD6900B7E471 /* SimpleTextField */,
				F89782171F4EB92700D82ABF /* SteppingUp */,
				F85866191F655EC200CEF54E /* TableAndCollection */,
				F89680C21F4CB4FF002C2452 /* Store.swift */,
				F89680C61F4CB689002C2452 /* AppState.swift */,
				F89680C41F4CB50A002C2452 /* Reducer.swift */,
				F808237B1F4A250B00CCADC1 /* AppDelegate.swift */,
				F89782121F4EB72000D82ABF /* StoreLogger.swift */,
				F89782141F4EB76000D82ABF /* ActionLogger.swift */,
				F808237F1F4A250B00CCADC1 /* Main.storyboard */,
				F80823821F4A250C00CCADC1 /* Assets.xcassets */,
				F80823841F4A250C00CCADC1 /* LaunchScreen.storyboard */,
				F80823871F4A250C00CCADC1 /* Info.plist */,
			);
			path = Example;
			sourceTree = "<group>";
		};
		F85866191F655EC200CEF54E /* TableAndCollection */ = {
			isa = PBXGroup;
			children = (
				F858661B1F655F9F00CEF54E /* TableViewController.swift */,
				F8C746401F6579F800DE9A40 /* TableAndCollectionState.swift */,
				F8C746421F657CDF00DE9A40 /* TableAndCollectionReducer.swift */,
				F8BD3C6B1F6B150300F79E0C /* TableAndCollectionActions.swift */,
				F8BD3C6E1F6C4A3500F79E0C /* CollectionViewController.swift */,
			);
			path = TableAndCollection;
			sourceTree = "<group>";
		};
		F858661A1F655F0600CEF54E /* TableAndCollection */ = {
			isa = PBXGroup;
			children = (
				F8BD3C691F6B13FB00F79E0C /* TableAndCollectionReducerSpec.swift */,
				F858661D1F655FDF00CEF54E /* TableViewControllerSpec.swift */,
			);
			path = TableAndCollection;
			sourceTree = "<group>";
		};
		F88D86B51F4CC934006F6038 /* ExampleTests */ = {
			isa = PBXGroup;
			children = (
				F88D86BE1F4CC97F006F6038 /* SimpleTextField */,
				F89782181F4EB94200D82ABF /* SteppingUp */,
				F858661A1F655F0600CEF54E /* TableAndCollection */,
				F88D86B81F4CC934006F6038 /* Info.plist */,
				F8C746441F65801900DE9A40 /* TestUtils.swift */,
				F83E18D122D30E1C00FCDA9D /* TestReducer.swift */,
				F83E18D322D30E2800FCDA9D /* TestActions.swift */,
			);
			path = ExampleTests;
			sourceTree = "<group>";
		};
		F88D86BE1F4CC97F006F6038 /* SimpleTextField */ = {
			isa = PBXGroup;
			children = (
				F88D86BF1F4CC9A6006F6038 /* SimpleTextFieldReducerSpec.swift */,
				F88D86C11F4CCDD4006F6038 /* SimpleTextFieldViewControllerSpec.swift */,
			);
			path = SimpleTextField;
			sourceTree = "<group>";
		};
		F89782171F4EB92700D82ABF /* SteppingUp */ = {
			isa = PBXGroup;
			children = (
				F83957361F4EBE8E00D33189 /* SteppingUpViewController.swift */,
				F83957381F4EC5D500D33189 /* SteppingUpState.swift */,
				F839573A1F4EC74B00D33189 /* SteppingUpReducer.swift */,
				F839573C1F4EC7DF00D33189 /* SteppingUpActions.swift */,
			);
			path = SteppingUp;
			sourceTree = "<group>";
		};
		F89782181F4EB94200D82ABF /* SteppingUp */ = {
			isa = PBXGroup;
			children = (
				F839573E1F4ECAEF00D33189 /* SteppingUpReducerSpec.swift */,
				F83957401F4ED10E00D33189 /* SteppingUpViewControllerSpec.swift */,
			);
			path = SteppingUp;
			sourceTree = "<group>";
		};
		F8BD52A11F4CAD6900B7E471 /* SimpleTextField */ = {
			isa = PBXGroup;
			children = (
				F808237D1F4A250B00CCADC1 /* SimpleTextFieldViewController.swift */,
				F89680C81F4CB8C5002C2452 /* SimpleTextFieldState.swift */,
				F8BD52A21F4CADDC00B7E471 /* SimpleTextFieldReducer.swift */,
				F8BD52A41F4CADF800B7E471 /* SimpleTextFieldActions.swift */,
			);
			path = SimpleTextField;
			sourceTree = "<group>";
		};
/* End PBXGroup section */

/* Begin PBXHeadersBuildPhase section */
		F8081AAA1F44940B00855A4F /* Headers */ = {
			isa = PBXHeadersBuildPhase;
			buildActionMask = 2147483647;
			files = (
				F8081ABE1F44940B00855A4F /* ReRxSwift.h in Headers */,
			);
			runOnlyForDeploymentPostprocessing = 0;
		};
/* End PBXHeadersBuildPhase section */

/* Begin PBXNativeTarget section */
		F8081AAC1F44940B00855A4F /* ReRxSwift */ = {
			isa = PBXNativeTarget;
			buildConfigurationList = F8081AC11F44940B00855A4F /* Build configuration list for PBXNativeTarget "ReRxSwift" */;
			buildPhases = (
				B21383428252373174EB8830 /* [CP] Check Pods Manifest.lock */,
				F8081AA81F44940B00855A4F /* Sources */,
				F8081AA91F44940B00855A4F /* Frameworks */,
				F8081AAA1F44940B00855A4F /* Headers */,
				F8081AAB1F44940B00855A4F /* Resources */,
			);
			buildRules = (
			);
			dependencies = (
			);
			name = ReRxSwift;
			productName = ReRxSwift;
			productReference = F8081AAD1F44940B00855A4F /* ReRxSwift.framework */;
			productType = "com.apple.product-type.framework";
		};
		F8081AB51F44940B00855A4F /* ReRxSwiftTests */ = {
			isa = PBXNativeTarget;
			buildConfigurationList = F8081AC41F44940B00855A4F /* Build configuration list for PBXNativeTarget "ReRxSwiftTests" */;
			buildPhases = (
				123949C15220B462AE2F6C13 /* [CP] Check Pods Manifest.lock */,
				F8081AB21F44940B00855A4F /* Sources */,
				F8081AB31F44940B00855A4F /* Frameworks */,
				F8081AB41F44940B00855A4F /* Resources */,
				1D547105D9ED1E1C52E62FE6 /* [CP] Embed Pods Frameworks */,
			);
			buildRules = (
			);
			dependencies = (
				F8081AB91F44940B00855A4F /* PBXTargetDependency */,
			);
			name = ReRxSwiftTests;
			productName = ReRxSwiftTests;
			productReference = F8081AB61F44940B00855A4F /* ReRxSwiftTests.xctest */;
			productType = "com.apple.product-type.bundle.unit-test";
		};
		F80823781F4A250B00CCADC1 /* Example */ = {
			isa = PBXNativeTarget;
			buildConfigurationList = F808238A1F4A250C00CCADC1 /* Build configuration list for PBXNativeTarget "Example" */;
			buildPhases = (
				794E93BF2B47EDCC82E6BB1B /* [CP] Check Pods Manifest.lock */,
				F80823751F4A250B00CCADC1 /* Sources */,
				F80823761F4A250B00CCADC1 /* Frameworks */,
				F80823771F4A250B00CCADC1 /* Resources */,
				F89680CE1F4CBF45002C2452 /* Embed Frameworks */,
				D7251EEEBBCD9A8341F8FAE3 /* [CP] Embed Pods Frameworks */,
			);
			buildRules = (
			);
			dependencies = (
				F89680CD1F4CBF45002C2452 /* PBXTargetDependency */,
			);
			name = Example;
			productName = Example;
			productReference = F80823791F4A250B00CCADC1 /* Example.app */;
			productType = "com.apple.product-type.application";
		};
		F88D86B31F4CC934006F6038 /* ExampleTests */ = {
			isa = PBXNativeTarget;
			buildConfigurationList = F88D86BB1F4CC934006F6038 /* Build configuration list for PBXNativeTarget "ExampleTests" */;
			buildPhases = (
				ACD84848D6F366DB5CF550FE /* [CP] Check Pods Manifest.lock */,
				F88D86B01F4CC934006F6038 /* Sources */,
				F88D86B11F4CC934006F6038 /* Frameworks */,
				F88D86B21F4CC934006F6038 /* Resources */,
				E49BB401C4B34EDBBD3AF922 /* [CP] Embed Pods Frameworks */,
			);
			buildRules = (
			);
			dependencies = (
				F88D86BA1F4CC934006F6038 /* PBXTargetDependency */,
			);
			name = ExampleTests;
			productName = ExampleTests;
			productReference = F88D86B41F4CC934006F6038 /* ExampleTests.xctest */;
			productType = "com.apple.product-type.bundle.unit-test";
		};
/* End PBXNativeTarget section */

/* Begin PBXProject section */
		F8081AA41F44940B00855A4F /* Project object */ = {
			isa = PBXProject;
			attributes = {
				LastSwiftUpdateCheck = 0900;
				LastUpgradeCheck = 0930;
				ORGANIZATIONNAME = "Stefan van den Oord";
				TargetAttributes = {
					F8081AAC1F44940B00855A4F = {
						CreatedOnToolsVersion = 9.0;
						LastSwiftMigration = 1160;
					};
					F8081AB51F44940B00855A4F = {
						CreatedOnToolsVersion = 9.0;
						LastSwiftMigration = 1160;
					};
					F80823781F4A250B00CCADC1 = {
						CreatedOnToolsVersion = 9.0;
						LastSwiftMigration = 1160;
					};
					F88D86B31F4CC934006F6038 = {
						CreatedOnToolsVersion = 9.0;
						LastSwiftMigration = 1160;
						TestTargetID = F80823781F4A250B00CCADC1;
					};
				};
			};
			buildConfigurationList = F8081AA71F44940B00855A4F /* Build configuration list for PBXProject "ReRxSwift" */;
			compatibilityVersion = "Xcode 8.0";
			developmentRegion = en;
			hasScannedForEncodings = 0;
			knownRegions = (
				en,
				Base,
			);
			mainGroup = F8081AA31F44940B00855A4F;
			productRefGroup = F8081AAE1F44940B00855A4F /* Products */;
			projectDirPath = "";
			projectRoot = "";
			targets = (
				F8081AAC1F44940B00855A4F /* ReRxSwift */,
				F8081AB51F44940B00855A4F /* ReRxSwiftTests */,
				F80823781F4A250B00CCADC1 /* Example */,
				F88D86B31F4CC934006F6038 /* ExampleTests */,
			);
		};
/* End PBXProject section */

/* Begin PBXResourcesBuildPhase section */
		F8081AAB1F44940B00855A4F /* Resources */ = {
			isa = PBXResourcesBuildPhase;
			buildActionMask = 2147483647;
			files = (
			);
			runOnlyForDeploymentPostprocessing = 0;
		};
		F8081AB41F44940B00855A4F /* Resources */ = {
			isa = PBXResourcesBuildPhase;
			buildActionMask = 2147483647;
			files = (
			);
			runOnlyForDeploymentPostprocessing = 0;
		};
		F80823771F4A250B00CCADC1 /* Resources */ = {
			isa = PBXResourcesBuildPhase;
			buildActionMask = 2147483647;
			files = (
				F80823861F4A250C00CCADC1 /* LaunchScreen.storyboard in Resources */,
				F80823831F4A250C00CCADC1 /* Assets.xcassets in Resources */,
				F80823811F4A250B00CCADC1 /* Main.storyboard in Resources */,
			);
			runOnlyForDeploymentPostprocessing = 0;
		};
		F88D86B21F4CC934006F6038 /* Resources */ = {
			isa = PBXResourcesBuildPhase;
			buildActionMask = 2147483647;
			files = (
			);
			runOnlyForDeploymentPostprocessing = 0;
		};
/* End PBXResourcesBuildPhase section */

/* Begin PBXShellScriptBuildPhase section */
		123949C15220B462AE2F6C13 /* [CP] Check Pods Manifest.lock */ = {
			isa = PBXShellScriptBuildPhase;
			buildActionMask = 2147483647;
			files = (
			);
			inputPaths = (
				"${PODS_PODFILE_DIR_PATH}/Podfile.lock",
				"${PODS_ROOT}/Manifest.lock",
			);
			name = "[CP] Check Pods Manifest.lock";
			outputPaths = (
				"$(DERIVED_FILE_DIR)/Pods-ReRxSwiftTests-checkManifestLockResult.txt",
			);
			runOnlyForDeploymentPostprocessing = 0;
			shellPath = /bin/sh;
			shellScript = "diff \"${PODS_PODFILE_DIR_PATH}/Podfile.lock\" \"${PODS_ROOT}/Manifest.lock\" > /dev/null\nif [ $? != 0 ] ; then\n    # print error to STDERR\n    echo \"error: The sandbox is not in sync with the Podfile.lock. Run 'pod install' or update your CocoaPods installation.\" >&2\n    exit 1\nfi\n# This output is used by Xcode 'outputs' to avoid re-running this script phase.\necho \"SUCCESS\" > \"${SCRIPT_OUTPUT_FILE_0}\"\n";
			showEnvVarsInLog = 0;
		};
		1D547105D9ED1E1C52E62FE6 /* [CP] Embed Pods Frameworks */ = {
			isa = PBXShellScriptBuildPhase;
			buildActionMask = 2147483647;
			files = (
			);
			inputPaths = (
				"${PODS_ROOT}/Target Support Files/Pods-ReRxSwiftTests/Pods-ReRxSwiftTests-frameworks.sh",
				"${BUILT_PRODUCTS_DIR}/RxCocoa/RxCocoa.framework",
				"${BUILT_PRODUCTS_DIR}/RxRelay/RxRelay.framework",
				"${BUILT_PRODUCTS_DIR}/RxSwift/RxSwift.framework",
				"${BUILT_PRODUCTS_DIR}/Differentiator/Differentiator.framework",
				"${BUILT_PRODUCTS_DIR}/Nimble/Nimble.framework",
				"${BUILT_PRODUCTS_DIR}/Quick/Quick.framework",
				"${BUILT_PRODUCTS_DIR}/RxDataSources/RxDataSources.framework",
				"${BUILT_PRODUCTS_DIR}/ReSwift/ReSwift.framework",
			);
			name = "[CP] Embed Pods Frameworks";
			outputPaths = (
				"${TARGET_BUILD_DIR}/${FRAMEWORKS_FOLDER_PATH}/RxCocoa.framework",
				"${TARGET_BUILD_DIR}/${FRAMEWORKS_FOLDER_PATH}/RxRelay.framework",
				"${TARGET_BUILD_DIR}/${FRAMEWORKS_FOLDER_PATH}/RxSwift.framework",
				"${TARGET_BUILD_DIR}/${FRAMEWORKS_FOLDER_PATH}/Differentiator.framework",
				"${TARGET_BUILD_DIR}/${FRAMEWORKS_FOLDER_PATH}/Nimble.framework",
				"${TARGET_BUILD_DIR}/${FRAMEWORKS_FOLDER_PATH}/Quick.framework",
				"${TARGET_BUILD_DIR}/${FRAMEWORKS_FOLDER_PATH}/RxDataSources.framework",
				"${TARGET_BUILD_DIR}/${FRAMEWORKS_FOLDER_PATH}/ReSwift.framework",
			);
			runOnlyForDeploymentPostprocessing = 0;
			shellPath = /bin/sh;
			shellScript = "\"${PODS_ROOT}/Target Support Files/Pods-ReRxSwiftTests/Pods-ReRxSwiftTests-frameworks.sh\"\n";
			showEnvVarsInLog = 0;
		};
		794E93BF2B47EDCC82E6BB1B /* [CP] Check Pods Manifest.lock */ = {
			isa = PBXShellScriptBuildPhase;
			buildActionMask = 2147483647;
			files = (
			);
			inputPaths = (
				"${PODS_PODFILE_DIR_PATH}/Podfile.lock",
				"${PODS_ROOT}/Manifest.lock",
			);
			name = "[CP] Check Pods Manifest.lock";
			outputPaths = (
				"$(DERIVED_FILE_DIR)/Pods-ReRx-Example-checkManifestLockResult.txt",
			);
			runOnlyForDeploymentPostprocessing = 0;
			shellPath = /bin/sh;
			shellScript = "diff \"${PODS_PODFILE_DIR_PATH}/Podfile.lock\" \"${PODS_ROOT}/Manifest.lock\" > /dev/null\nif [ $? != 0 ] ; then\n    # print error to STDERR\n    echo \"error: The sandbox is not in sync with the Podfile.lock. Run 'pod install' or update your CocoaPods installation.\" >&2\n    exit 1\nfi\n# This output is used by Xcode 'outputs' to avoid re-running this script phase.\necho \"SUCCESS\" > \"${SCRIPT_OUTPUT_FILE_0}\"\n";
			showEnvVarsInLog = 0;
		};
		ACD84848D6F366DB5CF550FE /* [CP] Check Pods Manifest.lock */ = {
			isa = PBXShellScriptBuildPhase;
			buildActionMask = 2147483647;
			files = (
			);
			inputPaths = (
				"${PODS_PODFILE_DIR_PATH}/Podfile.lock",
				"${PODS_ROOT}/Manifest.lock",
			);
			name = "[CP] Check Pods Manifest.lock";
			outputPaths = (
				"$(DERIVED_FILE_DIR)/Pods-ReRx-Example-ExampleTests-checkManifestLockResult.txt",
			);
			runOnlyForDeploymentPostprocessing = 0;
			shellPath = /bin/sh;
			shellScript = "diff \"${PODS_PODFILE_DIR_PATH}/Podfile.lock\" \"${PODS_ROOT}/Manifest.lock\" > /dev/null\nif [ $? != 0 ] ; then\n    # print error to STDERR\n    echo \"error: The sandbox is not in sync with the Podfile.lock. Run 'pod install' or update your CocoaPods installation.\" >&2\n    exit 1\nfi\n# This output is used by Xcode 'outputs' to avoid re-running this script phase.\necho \"SUCCESS\" > \"${SCRIPT_OUTPUT_FILE_0}\"\n";
			showEnvVarsInLog = 0;
		};
		B21383428252373174EB8830 /* [CP] Check Pods Manifest.lock */ = {
			isa = PBXShellScriptBuildPhase;
			buildActionMask = 2147483647;
			files = (
			);
			inputPaths = (
				"${PODS_PODFILE_DIR_PATH}/Podfile.lock",
				"${PODS_ROOT}/Manifest.lock",
			);
			name = "[CP] Check Pods Manifest.lock";
			outputPaths = (
				"$(DERIVED_FILE_DIR)/Pods-ReRx-ReRxSwift-checkManifestLockResult.txt",
			);
			runOnlyForDeploymentPostprocessing = 0;
			shellPath = /bin/sh;
			shellScript = "diff \"${PODS_PODFILE_DIR_PATH}/Podfile.lock\" \"${PODS_ROOT}/Manifest.lock\" > /dev/null\nif [ $? != 0 ] ; then\n    # print error to STDERR\n    echo \"error: The sandbox is not in sync with the Podfile.lock. Run 'pod install' or update your CocoaPods installation.\" >&2\n    exit 1\nfi\n# This output is used by Xcode 'outputs' to avoid re-running this script phase.\necho \"SUCCESS\" > \"${SCRIPT_OUTPUT_FILE_0}\"\n";
			showEnvVarsInLog = 0;
		};
		D7251EEEBBCD9A8341F8FAE3 /* [CP] Embed Pods Frameworks */ = {
			isa = PBXShellScriptBuildPhase;
			buildActionMask = 2147483647;
			files = (
			);
			inputPaths = (
				"${PODS_ROOT}/Target Support Files/Pods-ReRx-Example/Pods-ReRx-Example-frameworks.sh",
				"${BUILT_PRODUCTS_DIR}/ReSwift/ReSwift.framework",
				"${BUILT_PRODUCTS_DIR}/RxCocoa/RxCocoa.framework",
				"${BUILT_PRODUCTS_DIR}/RxRelay/RxRelay.framework",
				"${BUILT_PRODUCTS_DIR}/RxSwift/RxSwift.framework",
				"${BUILT_PRODUCTS_DIR}/Differentiator/Differentiator.framework",
				"${BUILT_PRODUCTS_DIR}/RxDataSources/RxDataSources.framework",
			);
			name = "[CP] Embed Pods Frameworks";
			outputPaths = (
				"${TARGET_BUILD_DIR}/${FRAMEWORKS_FOLDER_PATH}/ReSwift.framework",
				"${TARGET_BUILD_DIR}/${FRAMEWORKS_FOLDER_PATH}/RxCocoa.framework",
				"${TARGET_BUILD_DIR}/${FRAMEWORKS_FOLDER_PATH}/RxRelay.framework",
				"${TARGET_BUILD_DIR}/${FRAMEWORKS_FOLDER_PATH}/RxSwift.framework",
				"${TARGET_BUILD_DIR}/${FRAMEWORKS_FOLDER_PATH}/Differentiator.framework",
				"${TARGET_BUILD_DIR}/${FRAMEWORKS_FOLDER_PATH}/RxDataSources.framework",
			);
			runOnlyForDeploymentPostprocessing = 0;
			shellPath = /bin/sh;
			shellScript = "\"${PODS_ROOT}/Target Support Files/Pods-ReRx-Example/Pods-ReRx-Example-frameworks.sh\"\n";
			showEnvVarsInLog = 0;
		};
		E49BB401C4B34EDBBD3AF922 /* [CP] Embed Pods Frameworks */ = {
			isa = PBXShellScriptBuildPhase;
			buildActionMask = 2147483647;
			files = (
			);
			inputPaths = (
				"${PODS_ROOT}/Target Support Files/Pods-ReRx-Example-ExampleTests/Pods-ReRx-Example-ExampleTests-frameworks.sh",
				"${BUILT_PRODUCTS_DIR}/ReSwift/ReSwift.framework",
				"${BUILT_PRODUCTS_DIR}/RxCocoa/RxCocoa.framework",
				"${BUILT_PRODUCTS_DIR}/RxRelay/RxRelay.framework",
				"${BUILT_PRODUCTS_DIR}/RxSwift/RxSwift.framework",
				"${BUILT_PRODUCTS_DIR}/Differentiator/Differentiator.framework",
				"${BUILT_PRODUCTS_DIR}/Nimble/Nimble.framework",
				"${BUILT_PRODUCTS_DIR}/Quick/Quick.framework",
				"${BUILT_PRODUCTS_DIR}/RxDataSources/RxDataSources.framework",
			);
			name = "[CP] Embed Pods Frameworks";
			outputPaths = (
				"${TARGET_BUILD_DIR}/${FRAMEWORKS_FOLDER_PATH}/ReSwift.framework",
				"${TARGET_BUILD_DIR}/${FRAMEWORKS_FOLDER_PATH}/RxCocoa.framework",
				"${TARGET_BUILD_DIR}/${FRAMEWORKS_FOLDER_PATH}/RxRelay.framework",
				"${TARGET_BUILD_DIR}/${FRAMEWORKS_FOLDER_PATH}/RxSwift.framework",
				"${TARGET_BUILD_DIR}/${FRAMEWORKS_FOLDER_PATH}/Differentiator.framework",
				"${TARGET_BUILD_DIR}/${FRAMEWORKS_FOLDER_PATH}/Nimble.framework",
				"${TARGET_BUILD_DIR}/${FRAMEWORKS_FOLDER_PATH}/Quick.framework",
				"${TARGET_BUILD_DIR}/${FRAMEWORKS_FOLDER_PATH}/RxDataSources.framework",
			);
			runOnlyForDeploymentPostprocessing = 0;
			shellPath = /bin/sh;
			shellScript = "\"${PODS_ROOT}/Target Support Files/Pods-ReRx-Example-ExampleTests/Pods-ReRx-Example-ExampleTests-frameworks.sh\"\n";
			showEnvVarsInLog = 0;
		};
/* End PBXShellScriptBuildPhase section */

/* Begin PBXSourcesBuildPhase section */
		F8081AA81F44940B00855A4F /* Sources */ = {
			isa = PBXSourcesBuildPhase;
			buildActionMask = 2147483647;
			files = (
				F808235C1F4A1DEE00CCADC1 /* Connectable.swift in Sources */,
				F8081ACD1F44DDEA00855A4F /* Connection.swift in Sources */,
			);
			runOnlyForDeploymentPostprocessing = 0;
		};
		F8081AB21F44940B00855A4F /* Sources */ = {
			isa = PBXSourcesBuildPhase;
			buildActionMask = 2147483647;
			files = (
				F8081ACB1F44DBE400855A4F /* ConnectionSpec.swift in Sources */,
				F808235A1F4A1CF500CCADC1 /* ConnectableSpec.swift in Sources */,
				F80823561F4A1C3300CCADC1 /* TestActions.swift in Sources */,
				F80823541F4A1C1900CCADC1 /* TestState.swift in Sources */,
				F80823581F4A1C7D00CCADC1 /* TestSectionModel.swift in Sources */,
			);
			runOnlyForDeploymentPostprocessing = 0;
		};
		F80823751F4A250B00CCADC1 /* Sources */ = {
			isa = PBXSourcesBuildPhase;
			buildActionMask = 2147483647;
			files = (
				F8C746411F6579F800DE9A40 /* TableAndCollectionState.swift in Sources */,
				F89680C31F4CB4FF002C2452 /* Store.swift in Sources */,
				F83957371F4EBE8E00D33189 /* SteppingUpViewController.swift in Sources */,
				F89680C51F4CB50A002C2452 /* Reducer.swift in Sources */,
				F89680C71F4CB689002C2452 /* AppState.swift in Sources */,
				F808237E1F4A250B00CCADC1 /* SimpleTextFieldViewController.swift in Sources */,
				F8C746431F657CDF00DE9A40 /* TableAndCollectionReducer.swift in Sources */,
				F89782131F4EB72000D82ABF /* StoreLogger.swift in Sources */,
				F8BD52A51F4CADF800B7E471 /* SimpleTextFieldActions.swift in Sources */,
				F808237C1F4A250B00CCADC1 /* AppDelegate.swift in Sources */,
				F839573D1F4EC7DF00D33189 /* SteppingUpActions.swift in Sources */,
				F839573B1F4EC74B00D33189 /* SteppingUpReducer.swift in Sources */,
				F8BD3C6F1F6C4A3500F79E0C /* CollectionViewController.swift in Sources */,
				F8BD3C6C1F6B150300F79E0C /* TableAndCollectionActions.swift in Sources */,
				F83957391F4EC5D500D33189 /* SteppingUpState.swift in Sources */,
				F8BD52A31F4CADDC00B7E471 /* SimpleTextFieldReducer.swift in Sources */,
				F89680C91F4CB8C5002C2452 /* SimpleTextFieldState.swift in Sources */,
				F858661C1F655F9F00CEF54E /* TableViewController.swift in Sources */,
				F89782151F4EB76000D82ABF /* ActionLogger.swift in Sources */,
			);
			runOnlyForDeploymentPostprocessing = 0;
		};
		F88D86B01F4CC934006F6038 /* Sources */ = {
			isa = PBXSourcesBuildPhase;
			buildActionMask = 2147483647;
			files = (
				F83E18D422D30E2800FCDA9D /* TestActions.swift in Sources */,
				F88D86C01F4CC9A6006F6038 /* SimpleTextFieldReducerSpec.swift in Sources */,
				F8C746451F65801900DE9A40 /* TestUtils.swift in Sources */,
				F88D86C21F4CCDD4006F6038 /* SimpleTextFieldViewControllerSpec.swift in Sources */,
				F858661E1F655FDF00CEF54E /* TableViewControllerSpec.swift in Sources */,
				F83957411F4ED10E00D33189 /* SteppingUpViewControllerSpec.swift in Sources */,
				F839573F1F4ECAEF00D33189 /* SteppingUpReducerSpec.swift in Sources */,
				F83E18D222D30E1C00FCDA9D /* TestReducer.swift in Sources */,
				F8BD3C6A1F6B13FB00F79E0C /* TableAndCollectionReducerSpec.swift in Sources */,
			);
			runOnlyForDeploymentPostprocessing = 0;
		};
/* End PBXSourcesBuildPhase section */

/* Begin PBXTargetDependency section */
		F8081AB91F44940B00855A4F /* PBXTargetDependency */ = {
			isa = PBXTargetDependency;
			target = F8081AAC1F44940B00855A4F /* ReRxSwift */;
			targetProxy = F8081AB81F44940B00855A4F /* PBXContainerItemProxy */;
		};
		F88D86BA1F4CC934006F6038 /* PBXTargetDependency */ = {
			isa = PBXTargetDependency;
			target = F80823781F4A250B00CCADC1 /* Example */;
			targetProxy = F88D86B91F4CC934006F6038 /* PBXContainerItemProxy */;
		};
		F89680CD1F4CBF45002C2452 /* PBXTargetDependency */ = {
			isa = PBXTargetDependency;
			target = F8081AAC1F44940B00855A4F /* ReRxSwift */;
			targetProxy = F89680CC1F4CBF45002C2452 /* PBXContainerItemProxy */;
		};
/* End PBXTargetDependency section */

/* Begin PBXVariantGroup section */
		F808237F1F4A250B00CCADC1 /* Main.storyboard */ = {
			isa = PBXVariantGroup;
			children = (
				F80823801F4A250B00CCADC1 /* Base */,
			);
			name = Main.storyboard;
			sourceTree = "<group>";
		};
		F80823841F4A250C00CCADC1 /* LaunchScreen.storyboard */ = {
			isa = PBXVariantGroup;
			children = (
				F80823851F4A250C00CCADC1 /* Base */,
			);
			name = LaunchScreen.storyboard;
			sourceTree = "<group>";
		};
/* End PBXVariantGroup section */

/* Begin XCBuildConfiguration section */
		F8081ABF1F44940B00855A4F /* Debug */ = {
			isa = XCBuildConfiguration;
			buildSettings = {
				ALWAYS_SEARCH_USER_PATHS = NO;
				CLANG_ANALYZER_NONNULL = YES;
				CLANG_ANALYZER_NUMBER_OBJECT_CONVERSION = YES_AGGRESSIVE;
				CLANG_CXX_LANGUAGE_STANDARD = "gnu++14";
				CLANG_CXX_LIBRARY = "libc++";
				CLANG_ENABLE_MODULES = YES;
				CLANG_ENABLE_OBJC_ARC = YES;
				CLANG_WARN_BLOCK_CAPTURE_AUTORELEASING = YES;
				CLANG_WARN_BOOL_CONVERSION = YES;
				CLANG_WARN_COMMA = YES;
				CLANG_WARN_CONSTANT_CONVERSION = YES;
				CLANG_WARN_DEPRECATED_OBJC_IMPLEMENTATIONS = YES;
				CLANG_WARN_DIRECT_OBJC_ISA_USAGE = YES_ERROR;
				CLANG_WARN_DOCUMENTATION_COMMENTS = YES;
				CLANG_WARN_EMPTY_BODY = YES;
				CLANG_WARN_ENUM_CONVERSION = YES;
				CLANG_WARN_INFINITE_RECURSION = YES;
				CLANG_WARN_INT_CONVERSION = YES;
				CLANG_WARN_NON_LITERAL_NULL_CONVERSION = YES;
				CLANG_WARN_OBJC_IMPLICIT_RETAIN_SELF = YES;
				CLANG_WARN_OBJC_LITERAL_CONVERSION = YES;
				CLANG_WARN_OBJC_ROOT_CLASS = YES_ERROR;
				CLANG_WARN_RANGE_LOOP_ANALYSIS = YES;
				CLANG_WARN_STRICT_PROTOTYPES = YES;
				CLANG_WARN_SUSPICIOUS_MOVE = YES;
				CLANG_WARN_UNGUARDED_AVAILABILITY = YES_AGGRESSIVE;
				CLANG_WARN_UNREACHABLE_CODE = YES;
				CLANG_WARN__DUPLICATE_METHOD_MATCH = YES;
				CODE_SIGN_IDENTITY = "iPhone Developer";
				COPY_PHASE_STRIP = NO;
				CURRENT_PROJECT_VERSION = 1;
				DEBUG_INFORMATION_FORMAT = dwarf;
				ENABLE_STRICT_OBJC_MSGSEND = YES;
				ENABLE_TESTABILITY = YES;
				GCC_C_LANGUAGE_STANDARD = gnu11;
				GCC_DYNAMIC_NO_PIC = NO;
				GCC_NO_COMMON_BLOCKS = YES;
				GCC_OPTIMIZATION_LEVEL = 0;
				GCC_PREPROCESSOR_DEFINITIONS = (
					"DEBUG=1",
					"$(inherited)",
				);
				GCC_WARN_64_TO_32_BIT_CONVERSION = YES;
				GCC_WARN_ABOUT_RETURN_TYPE = YES_ERROR;
				GCC_WARN_UNDECLARED_SELECTOR = YES;
				GCC_WARN_UNINITIALIZED_AUTOS = YES_AGGRESSIVE;
				GCC_WARN_UNUSED_FUNCTION = YES;
				GCC_WARN_UNUSED_VARIABLE = YES;
				IPHONEOS_DEPLOYMENT_TARGET = 11.0;
				MTL_ENABLE_DEBUG_INFO = YES;
				ONLY_ACTIVE_ARCH = YES;
				SDKROOT = iphoneos;
				SWIFT_ACTIVE_COMPILATION_CONDITIONS = DEBUG;
				SWIFT_OPTIMIZATION_LEVEL = "-Onone";
				SWIFT_VERSION = 4.0;
				VERSIONING_SYSTEM = "apple-generic";
				VERSION_INFO_PREFIX = "";
			};
			name = Debug;
		};
		F8081AC01F44940B00855A4F /* Release */ = {
			isa = XCBuildConfiguration;
			buildSettings = {
				ALWAYS_SEARCH_USER_PATHS = NO;
				CLANG_ANALYZER_NONNULL = YES;
				CLANG_ANALYZER_NUMBER_OBJECT_CONVERSION = YES_AGGRESSIVE;
				CLANG_CXX_LANGUAGE_STANDARD = "gnu++14";
				CLANG_CXX_LIBRARY = "libc++";
				CLANG_ENABLE_MODULES = YES;
				CLANG_ENABLE_OBJC_ARC = YES;
				CLANG_WARN_BLOCK_CAPTURE_AUTORELEASING = YES;
				CLANG_WARN_BOOL_CONVERSION = YES;
				CLANG_WARN_COMMA = YES;
				CLANG_WARN_CONSTANT_CONVERSION = YES;
				CLANG_WARN_DEPRECATED_OBJC_IMPLEMENTATIONS = YES;
				CLANG_WARN_DIRECT_OBJC_ISA_USAGE = YES_ERROR;
				CLANG_WARN_DOCUMENTATION_COMMENTS = YES;
				CLANG_WARN_EMPTY_BODY = YES;
				CLANG_WARN_ENUM_CONVERSION = YES;
				CLANG_WARN_INFINITE_RECURSION = YES;
				CLANG_WARN_INT_CONVERSION = YES;
				CLANG_WARN_NON_LITERAL_NULL_CONVERSION = YES;
				CLANG_WARN_OBJC_IMPLICIT_RETAIN_SELF = YES;
				CLANG_WARN_OBJC_LITERAL_CONVERSION = YES;
				CLANG_WARN_OBJC_ROOT_CLASS = YES_ERROR;
				CLANG_WARN_RANGE_LOOP_ANALYSIS = YES;
				CLANG_WARN_STRICT_PROTOTYPES = YES;
				CLANG_WARN_SUSPICIOUS_MOVE = YES;
				CLANG_WARN_UNGUARDED_AVAILABILITY = YES_AGGRESSIVE;
				CLANG_WARN_UNREACHABLE_CODE = YES;
				CLANG_WARN__DUPLICATE_METHOD_MATCH = YES;
				CODE_SIGN_IDENTITY = "iPhone Developer";
				COPY_PHASE_STRIP = NO;
				CURRENT_PROJECT_VERSION = 1;
				DEBUG_INFORMATION_FORMAT = "dwarf-with-dsym";
				ENABLE_NS_ASSERTIONS = NO;
				ENABLE_STRICT_OBJC_MSGSEND = YES;
				GCC_C_LANGUAGE_STANDARD = gnu11;
				GCC_NO_COMMON_BLOCKS = YES;
				GCC_WARN_64_TO_32_BIT_CONVERSION = YES;
				GCC_WARN_ABOUT_RETURN_TYPE = YES_ERROR;
				GCC_WARN_UNDECLARED_SELECTOR = YES;
				GCC_WARN_UNINITIALIZED_AUTOS = YES_AGGRESSIVE;
				GCC_WARN_UNUSED_FUNCTION = YES;
				GCC_WARN_UNUSED_VARIABLE = YES;
				IPHONEOS_DEPLOYMENT_TARGET = 11.0;
				MTL_ENABLE_DEBUG_INFO = NO;
				SDKROOT = iphoneos;
				SWIFT_OPTIMIZATION_LEVEL = "-Owholemodule";
				SWIFT_VERSION = 4.0;
				VALIDATE_PRODUCT = YES;
				VERSIONING_SYSTEM = "apple-generic";
				VERSION_INFO_PREFIX = "";
			};
			name = Release;
		};
		F8081AC21F44940B00855A4F /* Debug */ = {
			isa = XCBuildConfiguration;
			baseConfigurationReference = 43705FA5DBB38CAEED5152A3 /* Pods-ReRx-ReRxSwift.debug.xcconfig */;
			buildSettings = {
				CLANG_ENABLE_MODULES = YES;
				CODE_SIGN_IDENTITY = "";
				DEFINES_MODULE = YES;
				DEVELOPMENT_TEAM = 7EQ9KX3BR9;
				DYLIB_COMPATIBILITY_VERSION = 1;
				DYLIB_CURRENT_VERSION = 1;
				DYLIB_INSTALL_NAME_BASE = "@rpath";
				INFOPLIST_FILE = ReRxSwift/Info.plist;
				INSTALL_PATH = "$(LOCAL_LIBRARY_DIR)/Frameworks";
				LD_RUNPATH_SEARCH_PATHS = "$(inherited) @executable_path/Frameworks @loader_path/Frameworks";
				MARKETING_VERSION = 2.2.2;
				PRODUCT_BUNDLE_IDENTIFIER = com.rerxswift.ReRxSwift;
				PRODUCT_NAME = "$(TARGET_NAME:c99extidentifier)";
				SKIP_INSTALL = YES;
				SWIFT_OPTIMIZATION_LEVEL = "-Onone";
				SWIFT_VERSION = 5.0;
				TARGETED_DEVICE_FAMILY = "1,2";
			};
			name = Debug;
		};
		F8081AC31F44940B00855A4F /* Release */ = {
			isa = XCBuildConfiguration;
			baseConfigurationReference = 7E12B282A1B21C8AD1C79861 /* Pods-ReRx-ReRxSwift.release.xcconfig */;
			buildSettings = {
				CLANG_ENABLE_MODULES = YES;
				CODE_SIGN_IDENTITY = "";
				DEFINES_MODULE = YES;
				DEVELOPMENT_TEAM = 7EQ9KX3BR9;
				DYLIB_COMPATIBILITY_VERSION = 1;
				DYLIB_CURRENT_VERSION = 1;
				DYLIB_INSTALL_NAME_BASE = "@rpath";
				INFOPLIST_FILE = ReRxSwift/Info.plist;
				INSTALL_PATH = "$(LOCAL_LIBRARY_DIR)/Frameworks";
				LD_RUNPATH_SEARCH_PATHS = "$(inherited) @executable_path/Frameworks @loader_path/Frameworks";
				MARKETING_VERSION = 2.2.2;
				PRODUCT_BUNDLE_IDENTIFIER = com.rerxswift.ReRxSwift;
				PRODUCT_NAME = "$(TARGET_NAME:c99extidentifier)";
				SKIP_INSTALL = YES;
				SWIFT_VERSION = 5.0;
				TARGETED_DEVICE_FAMILY = "1,2";
			};
			name = Release;
		};
		F8081AC51F44940B00855A4F /* Debug */ = {
			isa = XCBuildConfiguration;
			baseConfigurationReference = D1304154D109E7F44F82F679 /* Pods-ReRxSwiftTests.debug.xcconfig */;
			buildSettings = {
				ALWAYS_EMBED_SWIFT_STANDARD_LIBRARIES = YES;
				DEVELOPMENT_TEAM = 7EQ9KX3BR9;
				INFOPLIST_FILE = ReRxSwiftTests/Info.plist;
				LD_RUNPATH_SEARCH_PATHS = "$(inherited) @executable_path/Frameworks @loader_path/Frameworks";
				PRODUCT_BUNDLE_IDENTIFIER = com.rerxswift.ReRxSwiftTests;
				PRODUCT_NAME = "$(TARGET_NAME)";
				SWIFT_VERSION = 5.0;
				TARGETED_DEVICE_FAMILY = "1,2";
			};
			name = Debug;
		};
		F8081AC61F44940B00855A4F /* Release */ = {
			isa = XCBuildConfiguration;
			baseConfigurationReference = B8CC515189A5E49CB804535F /* Pods-ReRxSwiftTests.release.xcconfig */;
			buildSettings = {
				ALWAYS_EMBED_SWIFT_STANDARD_LIBRARIES = YES;
				DEVELOPMENT_TEAM = 7EQ9KX3BR9;
				INFOPLIST_FILE = ReRxSwiftTests/Info.plist;
				LD_RUNPATH_SEARCH_PATHS = "$(inherited) @executable_path/Frameworks @loader_path/Frameworks";
				PRODUCT_BUNDLE_IDENTIFIER = com.rerxswift.ReRxSwiftTests;
				PRODUCT_NAME = "$(TARGET_NAME)";
				SWIFT_VERSION = 5.0;
				TARGETED_DEVICE_FAMILY = "1,2";
			};
			name = Release;
		};
		F80823881F4A250C00CCADC1 /* Debug */ = {
			isa = XCBuildConfiguration;
			baseConfigurationReference = 737045CCA5309A4336C75098 /* Pods-ReRx-Example.debug.xcconfig */;
			buildSettings = {
				ALWAYS_EMBED_SWIFT_STANDARD_LIBRARIES = YES;
				ASSETCATALOG_COMPILER_APPICON_NAME = AppIcon;
				DEVELOPMENT_TEAM = 7EQ9KX3BR9;
				INFOPLIST_FILE = Example/Info.plist;
				LD_RUNPATH_SEARCH_PATHS = "$(inherited) @executable_path/Frameworks";
				MARKETING_VERSION = 2.2.2;
				PRODUCT_BUNDLE_IDENTIFIER = com.rerxswift.Example;
				PRODUCT_NAME = "$(TARGET_NAME)";
				SWIFT_VERSION = 5.0;
				TARGETED_DEVICE_FAMILY = "1,2";
			};
			name = Debug;
		};
		F80823891F4A250C00CCADC1 /* Release */ = {
			isa = XCBuildConfiguration;
			baseConfigurationReference = E989CA0A7D5F91783FAC94E0 /* Pods-ReRx-Example.release.xcconfig */;
			buildSettings = {
				ALWAYS_EMBED_SWIFT_STANDARD_LIBRARIES = YES;
				ASSETCATALOG_COMPILER_APPICON_NAME = AppIcon;
				DEVELOPMENT_TEAM = 7EQ9KX3BR9;
				INFOPLIST_FILE = Example/Info.plist;
				LD_RUNPATH_SEARCH_PATHS = "$(inherited) @executable_path/Frameworks";
				MARKETING_VERSION = 2.2.2;
				PRODUCT_BUNDLE_IDENTIFIER = com.rerxswift.Example;
				PRODUCT_NAME = "$(TARGET_NAME)";
				SWIFT_VERSION = 5.0;
				TARGETED_DEVICE_FAMILY = "1,2";
			};
			name = Release;
		};
		F88D86BC1F4CC934006F6038 /* Debug */ = {
			isa = XCBuildConfiguration;
			baseConfigurationReference = 6E5962673CE54795930775B4 /* Pods-ReRx-Example-ExampleTests.debug.xcconfig */;
			buildSettings = {
				BUNDLE_LOADER = "$(TEST_HOST)";
				CLANG_ENABLE_MODULES = YES;
				DEVELOPMENT_TEAM = 7EQ9KX3BR9;
				INFOPLIST_FILE = ExampleTests/Info.plist;
				LD_RUNPATH_SEARCH_PATHS = "$(inherited) @executable_path/Frameworks @loader_path/Frameworks";
				PRODUCT_BUNDLE_IDENTIFIER = com.rerxswift.ExampleTests;
				PRODUCT_NAME = "$(TARGET_NAME)";
				SWIFT_OPTIMIZATION_LEVEL = "-Onone";
				SWIFT_VERSION = 5.0;
				TARGETED_DEVICE_FAMILY = "1,2";
				TEST_HOST = "$(BUILT_PRODUCTS_DIR)/Example.app/Example";
			};
			name = Debug;
		};
		F88D86BD1F4CC934006F6038 /* Release */ = {
			isa = XCBuildConfiguration;
			baseConfigurationReference = FC0CAEDC536BFB178AEF62FE /* Pods-ReRx-Example-ExampleTests.release.xcconfig */;
			buildSettings = {
				BUNDLE_LOADER = "$(TEST_HOST)";
				CLANG_ENABLE_MODULES = YES;
				DEVELOPMENT_TEAM = 7EQ9KX3BR9;
				INFOPLIST_FILE = ExampleTests/Info.plist;
				LD_RUNPATH_SEARCH_PATHS = "$(inherited) @executable_path/Frameworks @loader_path/Frameworks";
				PRODUCT_BUNDLE_IDENTIFIER = com.rerxswift.ExampleTests;
				PRODUCT_NAME = "$(TARGET_NAME)";
				SWIFT_VERSION = 5.0;
				TARGETED_DEVICE_FAMILY = "1,2";
				TEST_HOST = "$(BUILT_PRODUCTS_DIR)/Example.app/Example";
			};
			name = Release;
		};
/* End XCBuildConfiguration section */

/* Begin XCConfigurationList section */
		F8081AA71F44940B00855A4F /* Build configuration list for PBXProject "ReRxSwift" */ = {
			isa = XCConfigurationList;
			buildConfigurations = (
				F8081ABF1F44940B00855A4F /* Debug */,
				F8081AC01F44940B00855A4F /* Release */,
			);
			defaultConfigurationIsVisible = 0;
			defaultConfigurationName = Release;
		};
		F8081AC11F44940B00855A4F /* Build configuration list for PBXNativeTarget "ReRxSwift" */ = {
			isa = XCConfigurationList;
			buildConfigurations = (
				F8081AC21F44940B00855A4F /* Debug */,
				F8081AC31F44940B00855A4F /* Release */,
			);
			defaultConfigurationIsVisible = 0;
			defaultConfigurationName = Release;
		};
		F8081AC41F44940B00855A4F /* Build configuration list for PBXNativeTarget "ReRxSwiftTests" */ = {
			isa = XCConfigurationList;
			buildConfigurations = (
				F8081AC51F44940B00855A4F /* Debug */,
				F8081AC61F44940B00855A4F /* Release */,
			);
			defaultConfigurationIsVisible = 0;
			defaultConfigurationName = Release;
		};
		F808238A1F4A250C00CCADC1 /* Build configuration list for PBXNativeTarget "Example" */ = {
			isa = XCConfigurationList;
			buildConfigurations = (
				F80823881F4A250C00CCADC1 /* Debug */,
				F80823891F4A250C00CCADC1 /* Release */,
			);
			defaultConfigurationIsVisible = 0;
			defaultConfigurationName = Release;
		};
		F88D86BB1F4CC934006F6038 /* Build configuration list for PBXNativeTarget "ExampleTests" */ = {
			isa = XCConfigurationList;
			buildConfigurations = (
				F88D86BC1F4CC934006F6038 /* Debug */,
				F88D86BD1F4CC934006F6038 /* Release */,
			);
			defaultConfigurationIsVisible = 0;
			defaultConfigurationName = Release;
		};
/* End XCConfigurationList section */
	};
	rootObject = F8081AA41F44940B00855A4F /* Project object */;
}
